{
  "name": "swiftgen-mvp",
  "lockfileVersion": 3,
  "requires": true,
  "packages": {
    "": {
      "devDependencies": {
        "tailwindcss": "^4.1.9"
      }
    },
    "node_modules/tailwindcss": {
      "version": "4.1.9",
      "resolved": "https://registry.npmjs.org/tailwindcss/-/tailwindcss-4.1.9.tgz",
      "integrity": "sha512-anBZRcvfNMsQdHB9XSGzAtIQWlhs49uK75jfkwrqjRUbjt4d7q9RE1wR1xWyfYZhLFnFX4ahWp88Au2lcEw5IQ==",
      "dev": true,
      "license": "MIT"
    }
  }
}
